
Microsoft Visual Studio Solution File, Format Version 12.00
# Visual Studio 15
VisualStudioVersion = 15.0.27703.2035
MinimumVisualStudioVersion = 10.0.40219.1
Project("{8BC9CEB8-8B4A-11D0-8D11-00A0C91BC942}") = "VersionControll", "VersionControll\VersionControll.vcxproj", "{E21C072A-563B-41ED-82FE-C8A8AEC0B3E4}"
EndProject
Global
	GlobalSection(SolutionConfigurationPlatforms) = preSolution
		Debug|x64 = Debug|x64
		Debug|x86 = Debug|x86
		Release|x64 = Release|x64
		Release|x86 = Release|x86
	EndGlobalSection
	GlobalSection(ProjectConfigurationPlatforms) = postSolution
		{E21C072A-563B-41ED-82FE-C8A8AEC0B3E4}.Debug|x64.ActiveCfg = Debug|x64
		{E21C072A-563B-41ED-82FE-C8A8AEC0B3E4}.Debug|x64.Build.0 = Debug|x64
		{E21C072A-563B-41ED-82FE-C8A8AEC0B3E4}.Debug|x86.ActiveCfg = Debug|Win32
		{E21C072A-563B-41ED-82FE-C8A8AEC0B3E4}.Debug|x86.Build.0 = Debug|Win32
		{E21C072A-563B-41ED-82FE-C8A8AEC0B3E4}.Release|x64.ActiveCfg = Release|x64
		{E21C072A-563B-41ED-82FE-C8A8AEC0B3E4}.Release|x64.Build.0 = Release|x64
		{E21C072A-563B-41ED-82FE-C8A8AEC0B3E4}.Release|x86.ActiveCfg = Release|Win32
		{E21C072A-563B-41ED-82FE-C8A8AEC0B3E4}.Release|x86.Build.0 = Release|Win32
	EndGlobalSection
	GlobalSection(SolutionProperties) = preSolution
		HideSolutionNode = FALSE
	EndGlobalSection
	GlobalSection(ExtensibilityGlobals) = postSolution
		SolutionGuid = {75B20D3B-267E-40DC-81D8-B236C37930CD}
	EndGlobalSection
EndGlobal
