<?xml version="1.0" encoding="utf-8"?>
<Project xmlns="http://schemas.microsoft.com/developer/msbuild/2003">
  <ItemGroup>
    <Filter Include="Form Files">
      <UniqueIdentifier>{99349809-55BA-4b9d-BF79-8FDBB0286EB3}</UniqueIdentifier>
      <Extensions>ui</Extensions>
      <ParseFiles>false</ParseFiles>
    </Filter>
    <Filter Include="Form Files">
      <UniqueIdentifier>{99349809-55BA-4b9d-BF79-8FDBB0286EB3}</UniqueIdentifier>
      <Extensions>ui</Extensions>
      <ParseFiles>false</ParseFiles>
    </Filter>
    <Filter Include="Generated Files">
      <UniqueIdentifier>{71ED8ED8-ACB9-4CE9-BBE1-E00B30144E11}</UniqueIdentifier>
      <Extensions>cpp;c;cxx;moc;h;def;odl;idl;res;</Extensions>
    </Filter>
    <Filter Include="Generated Files">
      <UniqueIdentifier>{71ED8ED8-ACB9-4CE9-BBE1-E00B30144E11}</UniqueIdentifier>
      <Extensions>cpp;c;cxx;moc;h;def;odl;idl;res;</Extensions>
    </Filter>
    <Filter Include="Header Files">
      <UniqueIdentifier>{93995380-89BD-4b04-88EB-625FBE52EBFB}</UniqueIdentifier>
      <Extensions>h;hpp;hxx;hm;inl;inc;xsd</Extensions>
    </Filter>
    <Filter Include="Header Files">
      <UniqueIdentifier>{93995380-89BD-4b04-88EB-625FBE52EBFB}</UniqueIdentifier>
      <Extensions>h;hpp;hxx;hm;inl;inc;xsd</Extensions>
    </Filter>
    <Filter Include="Source Files">
      <UniqueIdentifier>{4FC737F1-C7A5-4376-A066-2A32D752A2FF}</UniqueIdentifier>
      <Extensions>cpp;c;cxx;def;odl;idl;hpj;bat;asm;asmx</Extensions>
    </Filter>
    <Filter Include="Source Files">
      <UniqueIdentifier>{4FC737F1-C7A5-4376-A066-2A32D752A2FF}</UniqueIdentifier>
      <Extensions>cpp;c;cxx;def;odl;idl;hpj;bat;asm;asmx</Extensions>
    </Filter>
  </ItemGroup>
  <ItemGroup>
    <ClCompile Include="sourcefiles\custom_delegate.cpp">
      <Filter>Source Files</Filter>
    </ClCompile>
    <ClCompile Include="sourcefiles\diff_model.cpp">
      <Filter>Source Files</Filter>
    </ClCompile>
    <ClCompile Include="sourcefiles\main_window.cpp">
      <Filter>Source Files</Filter>
    </ClCompile>
    <ClCompile Include="sourcefiles\modified_file_system_model.cpp">
      <Filter>Source Files</Filter>
    </ClCompile>
    <ClCompile Include="sourcefiles\version_control_system.cpp">
      <Filter>Source Files</Filter>
    </ClCompile>
    <ClCompile Include="sourcefiles\dialog_diff_apply.cpp">
      <Filter>Source Files</Filter>
    </ClCompile>
    <ClCompile Include="sourcefiles\dialog_diff_gen.cpp">
      <Filter>Source Files</Filter>
    </ClCompile>
    <ClCompile Include="sourcefiles\config_manager.cpp">
      <Filter>Source Files</Filter>
    </ClCompile>
    <ClCompile Include="sourcefiles\settings_model.cpp">
      <Filter>Source Files</Filter>
    </ClCompile>
    <ClCompile Include="sourcefiles\dialog_settings.cpp">
      <Filter>Source Files</Filter>
    </ClCompile>
    <ClCompile Include="sourcefiles\diff_generator.cpp">
      <Filter>Source Files</Filter>
    </ClCompile>
    <ClCompile Include="sourcefiles\main.cpp">
      <Filter>Source Files</Filter>
    </ClCompile>
  </ItemGroup>
  <ItemGroup>
    <CustomBuild Include="debug\moc_predefs.h.cbt">
      <Filter>Generated Files</Filter>
    </CustomBuild>
    <CustomBuild Include="release\moc_predefs.h.cbt">
      <Filter>Generated Files</Filter>
    </CustomBuild>
  </ItemGroup>
  <ItemGroup>
    <QtUic Include="mainwindow.ui">
      <Filter>Form Files</Filter>
    </QtUic>
    <QtUic Include="dialog_diffApply.ui">
      <Filter>Form Files</Filter>
    </QtUic>
    <QtUic Include="dialog_diffGen.ui">
      <Filter>Form Files</Filter>
    </QtUic>
    <QtUic Include="dialog_settings.ui">
      <Filter>Form Files</Filter>
    </QtUic>
    <QtUic Include="dialog_settings_color.ui">
      <Filter>Form Files</Filter>
    </QtUic>
    <QtUic Include="dialog_settings_command.ui">
      <Filter>Form Files</Filter>
    </QtUic>
  </ItemGroup>
  <ItemGroup>
    <ClInclude Include="GeneratedFiles\ui_mainwindow.h">
      <Filter>Generated Files</Filter>
    </ClInclude>
    <ClInclude Include="headerfiles\data_objects.h">
      <Filter>Header Files</Filter>
    </ClInclude>
    <ClInclude Include="headerfiles\version_control_system.h">
      <Filter>Header Files</Filter>
    </ClInclude>
    <ClInclude Include="GeneratedFiles\ui_dialog_diffApply.h">
      <Filter>Generated Files</Filter>
    </ClInclude>
    <ClInclude Include="GeneratedFiles\ui_dialog_diffGen.h">
      <Filter>Generated Files</Filter>
    </ClInclude>
    <ClInclude Include="headerfiles\config_manager.h">
      <Filter>Header Files</Filter>
    </ClInclude>
    <ClInclude Include="GeneratedFiles\ui_dialog_settings.h">
      <Filter>Generated Files</Filter>
    </ClInclude>
    <ClInclude Include="GeneratedFiles\ui_dialog_settings_color.h">
      <Filter>Generated Files</Filter>
    </ClInclude>
    <ClInclude Include="headerfiles\diff_generator.h">
      <Filter>Header Files</Filter>
    </ClInclude>
  </ItemGroup>
  <ItemGroup>
    <QtMoc Include="headerfiles\custom_delegate.h">
      <Filter>Header Files</Filter>
    </QtMoc>
    <QtMoc Include="headerfiles\diff_model.h">
      <Filter>Header Files</Filter>
    </QtMoc>
    <QtMoc Include="headerfiles\main_window.h">
      <Filter>Header Files</Filter>
    </QtMoc>
    <QtMoc Include="headerfiles\modified_file_system_model.h">
      <Filter>Header Files</Filter>
    </QtMoc>
    <QtMoc Include="headerfiles\dialog_diff_apply.h">
      <Filter>Header Files</Filter>
    </QtMoc>
    <QtMoc Include="headerfiles\dialog_diff_gen.h">
      <Filter>Header Files</Filter>
    </QtMoc>
    <QtMoc Include="headerfiles\dialog_settings.h">
      <Filter>Header Files</Filter>
    </QtMoc>
    <QtMoc Include="headerfiles\settings_model.h">
      <Filter>Header Files</Filter>
    </QtMoc>
  </ItemGroup>
</Project>